
Microsoft Visual Studio Solution File, Format Version 12.00
# Visual Studio Version 17
VisualStudioVersion = 17.8.34309.116
MinimumVisualStudioVersion = 10.0.40219.1
Project("{FAE04EC0-301F-11D3-BF4B-00C04F79EFBC}") = "Codealong_28_11_23", "Codealong_28_11_23.csproj", "{1D1867D2-D371-43A5-AC6B-52B172541249}"
EndProject
Global
	GlobalSection(SolutionConfigurationPlatforms) = preSolution
		Debug|Any CPU = Debug|Any CPU
		Release|Any CPU = Release|Any CPU
	EndGlobalSection
	GlobalSection(ProjectConfigurationPlatforms) = postSolution
		{1D1867D2-D371-43A5-AC6B-52B172541249}.Debug|Any CPU.ActiveCfg = Debug|Any CPU
		{1D1867D2-D371-43A5-AC6B-52B172541249}.Debug|Any CPU.Build.0 = Debug|Any CPU
		{1D1867D2-D371-43A5-AC6B-52B172541249}.Release|Any CPU.ActiveCfg = Release|Any CPU
		{1D1867D2-D371-43A5-AC6B-52B172541249}.Release|Any CPU.Build.0 = Release|Any CPU
	EndGlobalSection
	GlobalSection(SolutionProperties) = preSolution
		HideSolutionNode = FALSE
	EndGlobalSection
	GlobalSection(ExtensibilityGlobals) = postSolution
		SolutionGuid = {CF72B71B-52DB-49E7-810E-22B8EDE1F189}
	EndGlobalSection
EndGlobal
